
Microsoft Visual Studio Solution File, Format Version 12.00
# Visual Studio Version 17
VisualStudioVersion = 17.10.35027.167
MinimumVisualStudioVersion = 10.0.40219.1
Project("{FAE04EC0-301F-11D3-BF4B-00C04F79EFBC}") = "SchedulemasterServer", "SchedulemasterServer\SchedulemasterServer.csproj", "{78F66DDF-55D7-494A-89D3-E21F1949968B}"
EndProject
Project("{FAE04EC0-301F-11D3-BF4B-00C04F79EFBC}") = "DL", "DL\DL.csproj", "{1C926BDD-A3C7-4DA1-83AA-43769BC40E46}"
EndProject
Project("{FAE04EC0-301F-11D3-BF4B-00C04F79EFBC}") = "BL", "BL\BL.csproj", "{39CF69FB-7953-4B78-8D77-7951281D6B1B}"
EndProject
Project("{FAE04EC0-301F-11D3-BF4B-00C04F79EFBC}") = "Entities", "Entities\Entities.csproj", "{6F85666E-E837-4B05-B0F4-3A964DE00C6F}"
EndProject
Global
	GlobalSection(SolutionConfigurationPlatforms) = preSolution
		Debug|Any CPU = Debug|Any CPU
		Release|Any CPU = Release|Any CPU
	EndGlobalSection
	GlobalSection(ProjectConfigurationPlatforms) = postSolution
		{78F66DDF-55D7-494A-89D3-E21F1949968B}.Debug|Any CPU.ActiveCfg = Debug|Any CPU
		{78F66DDF-55D7-494A-89D3-E21F1949968B}.Debug|Any CPU.Build.0 = Debug|Any CPU
		{78F66DDF-55D7-494A-89D3-E21F1949968B}.Release|Any CPU.ActiveCfg = Release|Any CPU
		{78F66DDF-55D7-494A-89D3-E21F1949968B}.Release|Any CPU.Build.0 = Release|Any CPU
		{1C926BDD-A3C7-4DA1-83AA-43769BC40E46}.Debug|Any CPU.ActiveCfg = Debug|Any CPU
		{1C926BDD-A3C7-4DA1-83AA-43769BC40E46}.Debug|Any CPU.Build.0 = Debug|Any CPU
		{1C926BDD-A3C7-4DA1-83AA-43769BC40E46}.Release|Any CPU.ActiveCfg = Release|Any CPU
		{1C926BDD-A3C7-4DA1-83AA-43769BC40E46}.Release|Any CPU.Build.0 = Release|Any CPU
		{39CF69FB-7953-4B78-8D77-7951281D6B1B}.Debug|Any CPU.ActiveCfg = Debug|Any CPU
		{39CF69FB-7953-4B78-8D77-7951281D6B1B}.Debug|Any CPU.Build.0 = Debug|Any CPU
		{39CF69FB-7953-4B78-8D77-7951281D6B1B}.Release|Any CPU.ActiveCfg = Release|Any CPU
		{39CF69FB-7953-4B78-8D77-7951281D6B1B}.Release|Any CPU.Build.0 = Release|Any CPU
		{6F85666E-E837-4B05-B0F4-3A964DE00C6F}.Debug|Any CPU.ActiveCfg = Debug|Any CPU
		{6F85666E-E837-4B05-B0F4-3A964DE00C6F}.Debug|Any CPU.Build.0 = Debug|Any CPU
		{6F85666E-E837-4B05-B0F4-3A964DE00C6F}.Release|Any CPU.ActiveCfg = Release|Any CPU
		{6F85666E-E837-4B05-B0F4-3A964DE00C6F}.Release|Any CPU.Build.0 = Release|Any CPU
	EndGlobalSection
	GlobalSection(SolutionProperties) = preSolution
		HideSolutionNode = FALSE
	EndGlobalSection
	GlobalSection(ExtensibilityGlobals) = postSolution
		SolutionGuid = {F67537E1-FF3F-4E6C-A499-63CE194D8EBF}
	EndGlobalSection
EndGlobal
